// !$*UTF8*$!
{
	archiveVersion = 1;
	classes = {
	};
	objectVersion = 46;
	objects = {

/* Begin PBXBuildFile section */
		7594583A1CAECEF900DADB26 /* AppDelegate.swift in Sources */ = {isa = PBXBuildFile; fileRef = 759458391CAECEF900DADB26 /* AppDelegate.swift */; };
		7594583C1CAECEF900DADB26 /* GameScene.sks in Resources */ = {isa = PBXBuildFile; fileRef = 7594583B1CAECEF900DADB26 /* GameScene.sks */; };
		7594583E1CAECEF900DADB26 /* GameScene.swift in Sources */ = {isa = PBXBuildFile; fileRef = 7594583D1CAECEF900DADB26 /* GameScene.swift */; };
		759458401CAECEF900DADB26 /* GameViewController.swift in Sources */ = {isa = PBXBuildFile; fileRef = 7594583F1CAECEF900DADB26 /* GameViewController.swift */; };
		759458431CAECEF900DADB26 /* Main.storyboard in Resources */ = {isa = PBXBuildFile; fileRef = 759458411CAECEF900DADB26 /* Main.storyboard */; };
		759458451CAECEF900DADB26 /* Assets.xcassets in Resources */ = {isa = PBXBuildFile; fileRef = 759458441CAECEF900DADB26 /* Assets.xcassets */; };
		759458481CAECEF900DADB26 /* LaunchScreen.storyboard in Resources */ = {isa = PBXBuildFile; fileRef = 759458461CAECEF900DADB26 /* LaunchScreen.storyboard */; };
		759458531CAECEF900DADB26 /* firstGameTests.swift in Sources */ = {isa = PBXBuildFile; fileRef = 759458521CAECEF900DADB26 /* firstGameTests.swift */; };
		7594585E1CAECEF900DADB26 /* firstGameUITests.swift in Sources */ = {isa = PBXBuildFile; fileRef = 7594585D1CAECEF900DADB26 /* firstGameUITests.swift */; };
		7594586E1CAEF7BD00DADB26 /* playscene.swift in Sources */ = {isa = PBXBuildFile; fileRef = 7594586D1CAEF7BD00DADB26 /* playscene.swift */; };
		759458701CAEF95C00DADB26 /* helpScene.swift in Sources */ = {isa = PBXBuildFile; fileRef = 7594586F1CAEF95C00DADB26 /* helpScene.swift */; };
/* End PBXBuildFile section */

/* Begin PBXContainerItemProxy section */
		7594584F1CAECEF900DADB26 /* PBXContainerItemProxy */ = {
			isa = PBXContainerItemProxy;
			containerPortal = 7594582E1CAECEF900DADB26 /* Project object */;
			proxyType = 1;
			remoteGlobalIDString = 759458351CAECEF900DADB26;
			remoteInfo = firstGame;
		};
		7594585A1CAECEF900DADB26 /* PBXContainerItemProxy */ = {
			isa = PBXContainerItemProxy;
			containerPortal = 7594582E1CAECEF900DADB26 /* Project object */;
			proxyType = 1;
			remoteGlobalIDString = 759458351CAECEF900DADB26;
			remoteInfo = firstGame;
		};
/* End PBXContainerItemProxy section */

/* Begin PBXFileReference section */
		759458361CAECEF900DADB26 /* firstGame.app */ = {isa = PBXFileReference; explicitFileType = wrapper.application; includeInIndex = 0; path = firstGame.app; sourceTree = BUILT_PRODUCTS_DIR; };
		759458391CAECEF900DADB26 /* AppDelegate.swift */ = {isa = PBXFileReference; lastKnownFileType = sourcecode.swift; path = AppDelegate.swift; sourceTree = "<group>"; };
		7594583B1CAECEF900DADB26 /* GameScene.sks */ = {isa = PBXFileReference; lastKnownFileType = file.sks; path = GameScene.sks; sourceTree = "<group>"; };
		7594583D1CAECEF900DADB26 /* GameScene.swift */ = {isa = PBXFileReference; lastKnownFileType = sourcecode.swift; path = GameScene.swift; sourceTree = "<group>"; };
		7594583F1CAECEF900DADB26 /* GameViewController.swift */ = {isa = PBXFileReference; lastKnownFileType = sourcecode.swift; path = GameViewController.swift; sourceTree = "<group>"; };
		759458421CAECEF900DADB26 /* Base */ = {isa = PBXFileReference; lastKnownFileType = file.storyboard; name = Base; path = Base.lproj/Main.storyboard; sourceTree = "<group>"; };
		759458441CAECEF900DADB26 /* Assets.xcassets */ = {isa = PBXFileReference; lastKnownFileType = folder.assetcatalog; path = Assets.xcassets; sourceTree = "<group>"; };
		759458471CAECEF900DADB26 /* Base */ = {isa = PBXFileReference; lastKnownFileType = file.storyboard; name = Base; path = Base.lproj/LaunchScreen.storyboard; sourceTree = "<group>"; };
		759458491CAECEF900DADB26 /* Info.plist */ = {isa = PBXFileReference; lastKnownFileType = text.plist.xml; path = Info.plist; sourceTree = "<group>"; };
		7594584E1CAECEF900DADB26 /* firstGameTests.xctest */ = {isa = PBXFileReference; explicitFileType = wrapper.cfbundle; includeInIndex = 0; path = firstGameTests.xctest; sourceTree = BUILT_PRODUCTS_DIR; };
		759458521CAECEF900DADB26 /* firstGameTests.swift */ = {isa = PBXFileReference; lastKnownFileType = sourcecode.swift; path = firstGameTests.swift; sourceTree = "<group>"; };
		759458541CAECEF900DADB26 /* Info.plist */ = {isa = PBXFileReference; lastKnownFileType = text.plist.xml; path = Info.plist; sourceTree = "<group>"; };
		759458591CAECEF900DADB26 /* firstGameUITests.xctest */ = {isa = PBXFileReference; explicitFileType = wrapper.cfbundle; includeInIndex = 0; path = firstGameUITests.xctest; sourceTree = BUILT_PRODUCTS_DIR; };
		7594585D1CAECEF900DADB26 /* firstGameUITests.swift */ = {isa = PBXFileReference; lastKnownFileType = sourcecode.swift; path = firstGameUITests.swift; sourceTree = "<group>"; };
		7594585F1CAECEF900DADB26 /* Info.plist */ = {isa = PBXFileReference; lastKnownFileType = text.plist.xml; path = Info.plist; sourceTree = "<group>"; };
		7594586D1CAEF7BD00DADB26 /* playscene.swift */ = {isa = PBXFileReference; fileEncoding = 4; lastKnownFileType = sourcecode.swift; path = playscene.swift; sourceTree = "<group>"; };
		7594586F1CAEF95C00DADB26 /* helpScene.swift */ = {isa = PBXFileReference; fileEncoding = 4; lastKnownFileType = sourcecode.swift; path = helpScene.swift; sourceTree = "<group>"; };
/* End PBXFileReference section */

/* Begin PBXFrameworksBuildPhase section */
		759458331CAECEF900DADB26 /* Frameworks */ = {
			isa = PBXFrameworksBuildPhase;
			buildActionMask = 2147483647;
			files = (
			);
			runOnlyForDeploymentPostprocessing = 0;
		};
		7594584B1CAECEF900DADB26 /* Frameworks */ = {
			isa = PBXFrameworksBuildPhase;
			buildActionMask = 2147483647;
			files = (
			);
			runOnlyForDeploymentPostprocessing = 0;
		};
		759458561CAECEF900DADB26 /* Frameworks */ = {
			isa = PBXFrameworksBuildPhase;
			buildActionMask = 2147483647;
			files = (
			);
			runOnlyForDeploymentPostprocessing = 0;
		};
/* End PBXFrameworksBuildPhase section */

/* Begin PBXGroup section */
		7594582D1CAECEF900DADB26 = {
			isa = PBXGroup;
			children = (
				759458381CAECEF900DADB26 /* firstGame */,
				759458511CAECEF900DADB26 /* firstGameTests */,
				7594585C1CAECEF900DADB26 /* firstGameUITests */,
				759458371CAECEF900DADB26 /* Products */,
			);
			sourceTree = "<group>";
		};
		759458371CAECEF900DADB26 /* Products */ = {
			isa = PBXGroup;
			children = (
				759458361CAECEF900DADB26 /* firstGame.app */,
				7594584E1CAECEF900DADB26 /* firstGameTests.xctest */,
				759458591CAECEF900DADB26 /* firstGameUITests.xctest */,
			);
			name = Products;
			sourceTree = "<group>";
		};
		759458381CAECEF900DADB26 /* firstGame */ = {
			isa = PBXGroup;
			children = (
				759458391CAECEF900DADB26 /* AppDelegate.swift */,
				7594583B1CAECEF900DADB26 /* GameScene.sks */,
				7594583D1CAECEF900DADB26 /* GameScene.swift */,
				7594583F1CAECEF900DADB26 /* GameViewController.swift */,
				759458411CAECEF900DADB26 /* Main.storyboard */,
				759458441CAECEF900DADB26 /* Assets.xcassets */,
				759458461CAECEF900DADB26 /* LaunchScreen.storyboard */,
				759458491CAECEF900DADB26 /* Info.plist */,
				7594586D1CAEF7BD00DADB26 /* playscene.swift */,
				7594586F1CAEF95C00DADB26 /* helpScene.swift */,
			);
			path = firstGame;
			sourceTree = "<group>";
		};
		759458511CAECEF900DADB26 /* firstGameTests */ = {
			isa = PBXGroup;
			children = (
				759458521CAECEF900DADB26 /* firstGameTests.swift */,
				759458541CAECEF900DADB26 /* Info.plist */,
			);
			path = firstGameTests;
			sourceTree = "<group>";
		};
		7594585C1CAECEF900DADB26 /* firstGameUITests */ = {
			isa = PBXGroup;
			children = (
				7594585D1CAECEF900DADB26 /* firstGameUITests.swift */,
				7594585F1CAECEF900DADB26 /* Info.plist */,
			);
			path = firstGameUITests;
			sourceTree = "<group>";
		};
/* End PBXGroup section */

/* Begin PBXNativeTarget section */
		759458351CAECEF900DADB26 /* firstGame */ = {
			isa = PBXNativeTarget;
			buildConfigurationList = 759458621CAECEF900DADB26 /* Build configuration list for PBXNativeTarget "firstGame" */;
			buildPhases = (
				759458321CAECEF900DADB26 /* Sources */,
				759458331CAECEF900DADB26 /* Frameworks */,
				759458341CAECEF900DADB26 /* Resources */,
			);
			buildRules = (
			);
			dependencies = (
			);
			name = firstGame;
			productName = firstGame;
			productReference = 759458361CAECEF900DADB26 /* firstGame.app */;
			productType = "com.apple.product-type.application";
		};
		7594584D1CAECEF900DADB26 /* firstGameTests */ = {
			isa = PBXNativeTarget;
			buildConfigurationList = 759458651CAECEF900DADB26 /* Build configuration list for PBXNativeTarget "firstGameTests" */;
			buildPhases = (
				7594584A1CAECEF900DADB26 /* Sources */,
				7594584B1CAECEF900DADB26 /* Frameworks */,
				7594584C1CAECEF900DADB26 /* Resources */,
			);
			buildRules = (
			);
			dependencies = (
				759458501CAECEF900DADB26 /* PBXTargetDependency */,
			);
			name = firstGameTests;
			productName = firstGameTests;
			productReference = 7594584E1CAECEF900DADB26 /* firstGameTests.xctest */;
			productType = "com.apple.product-type.bundle.unit-test";
		};
		759458581CAECEF900DADB26 /* firstGameUITests */ = {
			isa = PBXNativeTarget;
			buildConfigurationList = 759458681CAECEF900DADB26 /* Build configuration list for PBXNativeTarget "firstGameUITests" */;
			buildPhases = (
				759458551CAECEF900DADB26 /* Sources */,
				759458561CAECEF900DADB26 /* Frameworks */,
				759458571CAECEF900DADB26 /* Resources */,
			);
			buildRules = (
			);
			dependencies = (
				7594585B1CAECEF900DADB26 /* PBXTargetDependency */,
			);
			name = firstGameUITests;
			productName = firstGameUITests;
			productReference = 759458591CAECEF900DADB26 /* firstGameUITests.xctest */;
			productType = "com.apple.product-type.bundle.ui-testing";
		};
/* End PBXNativeTarget section */

/* Begin PBXProject section */
		7594582E1CAECEF900DADB26 /* Project object */ = {
			isa = PBXProject;
			attributes = {
				LastSwiftUpdateCheck = 0730;
				LastUpgradeCheck = 0730;
				ORGANIZATIONNAME = "Max DeVos";
				TargetAttributes = {
					759458351CAECEF900DADB26 = {
						CreatedOnToolsVersion = 7.3;
						DevelopmentTeam = 978UX3DJZ6;
					};
					7594584D1CAECEF900DADB26 = {
						CreatedOnToolsVersion = 7.3;
						DevelopmentTeam = 978UX3DJZ6;
						TestTargetID = 759458351CAECEF900DADB26;
					};
					759458581CAECEF900DADB26 = {
						CreatedOnToolsVersion = 7.3;
						DevelopmentTeam = 978UX3DJZ6;
						TestTargetID = 759458351CAECEF900DADB26;
					};
				};
			};
			buildConfigurationList = 759458311CAECEF900DADB26 /* Build configuration list for PBXProject "firstGame" */;
			compatibilityVersion = "Xcode 3.2";
			developmentRegion = English;
			hasScannedForEncodings = 0;
			knownRegions = (
				en,
				Base,
			);
			mainGroup = 7594582D1CAECEF900DADB26;
			productRefGroup = 759458371CAECEF900DADB26 /* Products */;
			projectDirPath = "";
			projectRoot = "";
			targets = (
				759458351CAECEF900DADB26 /* firstGame */,
				7594584D1CAECEF900DADB26 /* firstGameTests */,
				759458581CAECEF900DADB26 /* firstGameUITests */,
			);
		};
/* End PBXProject section */

/* Begin PBXResourcesBuildPhase section */
		759458341CAECEF900DADB26 /* Resources */ = {
			isa = PBXResourcesBuildPhase;
			buildActionMask = 2147483647;
			files = (
				7594583C1CAECEF900DADB26 /* GameScene.sks in Resources */,
				759458481CAECEF900DADB26 /* LaunchScreen.storyboard in Resources */,
				759458451CAECEF900DADB26 /* Assets.xcassets in Resources */,
				759458431CAECEF900DADB26 /* Main.storyboard in Resources */,
			);
			runOnlyForDeploymentPostprocessing = 0;
		};
		7594584C1CAECEF900DADB26 /* Resources */ = {
			isa = PBXResourcesBuildPhase;
			buildActionMask = 2147483647;
			files = (
			);
			runOnlyForDeploymentPostprocessing = 0;
		};
		759458571CAECEF900DADB26 /* Resources */ = {
			isa = PBXResourcesBuildPhase;
			buildActionMask = 2147483647;
			files = (
			);
			runOnlyForDeploymentPostprocessing = 0;
		};
/* End PBXResourcesBuildPhase section */

/* Begin PBXSourcesBuildPhase section */
		759458321CAECEF900DADB26 /* Sources */ = {
			isa = PBXSourcesBuildPhase;
			buildActionMask = 2147483647;
			files = (
				7594583E1CAECEF900DADB26 /* GameScene.swift in Sources */,
				759458401CAECEF900DADB26 /* GameViewController.swift in Sources */,
				7594586E1CAEF7BD00DADB26 /* playscene.swift in Sources */,
				759458701CAEF95C00DADB26 /* helpScene.swift in Sources */,
				7594583A1CAECEF900DADB26 /* AppDelegate.swift in Sources */,
			);
			runOnlyForDeploymentPostprocessing = 0;
		};
		7594584A1CAECEF900DADB26 /* Sources */ = {
			isa = PBXSourcesBuildPhase;
			buildActionMask = 2147483647;
			files = (
				759458531CAECEF900DADB26 /* firstGameTests.swift in Sources */,
			);
			runOnlyForDeploymentPostprocessing = 0;
		};
		759458551CAECEF900DADB26 /* Sources */ = {
			isa = PBXSourcesBuildPhase;
			buildActionMask = 2147483647;
			files = (
				7594585E1CAECEF900DADB26 /* firstGameUITests.swift in Sources */,
			);
			runOnlyForDeploymentPostprocessing = 0;
		};
/* End PBXSourcesBuildPhase section */

/* Begin PBXTargetDependency section */
		759458501CAECEF900DADB26 /* PBXTargetDependency */ = {
			isa = PBXTargetDependency;
			target = 759458351CAECEF900DADB26 /* firstGame */;
			targetProxy = 7594584F1CAECEF900DADB26 /* PBXContainerItemProxy */;
		};
		7594585B1CAECEF900DADB26 /* PBXTargetDependency */ = {
			isa = PBXTargetDependency;
			target = 759458351CAECEF900DADB26 /* firstGame */;
			targetProxy = 7594585A1CAECEF900DADB26 /* PBXContainerItemProxy */;
		};
/* End PBXTargetDependency section */

/* Begin PBXVariantGroup section */
		759458411CAECEF900DADB26 /* Main.storyboard */ = {
			isa = PBXVariantGroup;
			children = (
				759458421CAECEF900DADB26 /* Base */,
			);
			name = Main.storyboard;
			sourceTree = "<group>";
		};
		759458461CAECEF900DADB26 /* LaunchScreen.storyboard */ = {
			isa = PBXVariantGroup;
			children = (
				759458471CAECEF900DADB26 /* Base */,
			);
			name = LaunchScreen.storyboard;
			sourceTree = "<group>";
		};
/* End PBXVariantGroup section */

/* Begin XCBuildConfiguration section */
		759458601CAECEF900DADB26 /* Debug */ = {
			isa = XCBuildConfiguration;
			buildSettings = {
				ALWAYS_SEARCH_USER_PATHS = NO;
				CLANG_ANALYZER_NONNULL = YES;
				CLANG_CXX_LANGUAGE_STANDARD = "gnu++0x";
				CLANG_CXX_LIBRARY = "libc++";
				CLANG_ENABLE_MODULES = YES;
				CLANG_ENABLE_OBJC_ARC = YES;
				CLANG_WARN_BOOL_CONVERSION = YES;
				CLANG_WARN_CONSTANT_CONVERSION = YES;
				CLANG_WARN_DIRECT_OBJC_ISA_USAGE = YES_ERROR;
				CLANG_WARN_EMPTY_BODY = YES;
				CLANG_WARN_ENUM_CONVERSION = YES;
				CLANG_WARN_INT_CONVERSION = YES;
				CLANG_WARN_OBJC_ROOT_CLASS = YES_ERROR;
				CLANG_WARN_UNREACHABLE_CODE = YES;
				CLANG_WARN__DUPLICATE_METHOD_MATCH = YES;
				"CODE_SIGN_IDENTITY[sdk=iphoneos*]" = "iPhone Developer";
				COPY_PHASE_STRIP = NO;
				DEBUG_INFORMATION_FORMAT = "dwarf-with-dsym";
				ENABLE_STRICT_OBJC_MSGSEND = YES;
				ENABLE_TESTABILITY = YES;
				GCC_C_LANGUAGE_STANDARD = gnu99;
				GCC_DYNAMIC_NO_PIC = NO;
				GCC_NO_COMMON_BLOCKS = YES;
				GCC_OPTIMIZATION_LEVEL = 0;
				GCC_PREPROCESSOR_DEFINITIONS = (
					"DEBUG=1",
					"$(inherited)",
				);
				GCC_WARN_64_TO_32_BIT_CONVERSION = YES;
				GCC_WARN_ABOUT_RETURN_TYPE = YES_ERROR;
				GCC_WARN_UNDECLARED_SELECTOR = YES;
				GCC_WARN_UNINITIALIZED_AUTOS = YES_AGGRESSIVE;
				GCC_WARN_UNUSED_FUNCTION = YES;
				GCC_WARN_UNUSED_VARIABLE = YES;
				IPHONEOS_DEPLOYMENT_TARGET = 9.3;
				MTL_ENABLE_DEBUG_INFO = YES;
				ONLY_ACTIVE_ARCH = YES;
				SDKROOT = iphoneos;
				SWIFT_OPTIMIZATION_LEVEL = "-Onone";
				TARGETED_DEVICE_FAMILY = "1,2";
			};
			name = Debug;
		};
		759458611CAECEF900DADB26 /* Release */ = {
			isa = XCBuildConfiguration;
			buildSettings = {
				ALWAYS_SEARCH_USER_PATHS = NO;
				CLANG_ANALYZER_NONNULL = YES;
				CLANG_CXX_LANGUAGE_STANDARD = "gnu++0x";
				CLANG_CXX_LIBRARY = "libc++";
				CLANG_ENABLE_MODULES = YES;
				CLANG_ENABLE_OBJC_ARC = YES;
				CLANG_WARN_BOOL_CONVERSION = YES;
				CLANG_WARN_CONSTANT_CONVERSION = YES;
				CLANG_WARN_DIRECT_OBJC_ISA_USAGE = YES_ERROR;
				CLANG_WARN_EMPTY_BODY = YES;
				CLANG_WARN_ENUM_CONVERSION = YES;
				CLANG_WARN_INT_CONVERSION = YES;
				CLANG_WARN_OBJC_ROOT_CLASS = YES_ERROR;
				CLANG_WARN_UNREACHABLE_CODE = YES;
				CLANG_WARN__DUPLICATE_METHOD_MATCH = YES;
				"CODE_SIGN_IDENTITY[sdk=iphoneos*]" = "iPhone Developer";
				COPY_PHASE_STRIP = NO;
				DEBUG_INFORMATION_FORMAT = "dwarf-with-dsym";
				ENABLE_NS_ASSERTIONS = NO;
				ENABLE_STRICT_OBJC_MSGSEND = YES;
				GCC_C_LANGUAGE_STANDARD = gnu99;
				GCC_NO_COMMON_BLOCKS = YES;
				GCC_WARN_64_TO_32_BIT_CONVERSION = YES;
				GCC_WARN_ABOUT_RETURN_TYPE = YES_ERROR;
				GCC_WARN_UNDECLARED_SELECTOR = YES;
				GCC_WARN_UNINITIALIZED_AUTOS = YES_AGGRESSIVE;
				GCC_WARN_UNUSED_FUNCTION = YES;
				GCC_WARN_UNUSED_VARIABLE = YES;
				IPHONEOS_DEPLOYMENT_TARGET = 9.3;
				MTL_ENABLE_DEBUG_INFO = NO;
				SDKROOT = iphoneos;
				TARGETED_DEVICE_FAMILY = "1,2";
				VALIDATE_PRODUCT = YES;
			};
			name = Release;
		};
		759458631CAECEF900DADB26 /* Debug */ = {
			isa = XCBuildConfiguration;
			buildSettings = {
				ASSETCATALOG_COMPILER_APPICON_NAME = AppIcon;
				INFOPLIST_FILE = firstGame/Info.plist;
				IPHONEOS_DEPLOYMENT_TARGET = 9.0;
				LD_RUNPATH_SEARCH_PATHS = "$(inherited) @executable_path/Frameworks";
				PRODUCT_BUNDLE_IDENTIFIER = madmax.firstGame;
				PRODUCT_NAME = "$(TARGET_NAME)";
			};
			name = Debug;
		};
		759458641CAECEF900DADB26 /* Release */ = {
			isa = XCBuildConfiguration;
			buildSettings = {
				ASSETCATALOG_COMPILER_APPICON_NAME = AppIcon;
				INFOPLIST_FILE = firstGame/Info.plist;
				IPHONEOS_DEPLOYMENT_TARGET = 9.0;
				LD_RUNPATH_SEARCH_PATHS = "$(inherited) @executable_path/Frameworks";
				PRODUCT_BUNDLE_IDENTIFIER = madmax.firstGame;
				PRODUCT_NAME = "$(TARGET_NAME)";
			};
			name = Release;
		};
		759458661CAECEF900DADB26 /* Debug */ = {
			isa = XCBuildConfiguration;
			buildSettings = {
				BUNDLE_LOADER = "$(TEST_HOST)";
				DEBUG_INFORMATION_FORMAT = dwarf;
				INFOPLIST_FILE = firstGameTests/Info.plist;
				LD_RUNPATH_SEARCH_PATHS = "$(inherited) @executable_path/Frameworks @loader_path/Frameworks";
				PRODUCT_BUNDLE_IDENTIFIER = madmax.firstGameTests;
				PRODUCT_NAME = "$(TARGET_NAME)";
				TEST_HOST = "$(BUILT_PRODUCTS_DIR)/firstGame.app/firstGame";
			};
			name = Debug;
		};
		759458671CAECEF900DADB26 /* Release */ = {
			isa = XCBuildConfiguration;
			buildSettings = {
				BUNDLE_LOADER = "$(TEST_HOST)";
				INFOPLIST_FILE = firstGameTests/Info.plist;
				LD_RUNPATH_SEARCH_PATHS = "$(inherited) @executable_path/Frameworks @loader_path/Frameworks";
				PRODUCT_BUNDLE_IDENTIFIER = madmax.firstGameTests;
				PRODUCT_NAME = "$(TARGET_NAME)";
				TEST_HOST = "$(BUILT_PRODUCTS_DIR)/firstGame.app/firstGame";
			};
			name = Release;
		};
		759458691CAECEF900DADB26 /* Debug */ = {
			isa = XCBuildConfiguration;
			buildSettings = {
				DEBUG_INFORMATION_FORMAT = dwarf;
				INFOPLIST_FILE = firstGameUITests/Info.plist;
				LD_RUNPATH_SEARCH_PATHS = "$(inherited) @executable_path/Frameworks @loader_path/Frameworks";
				PRODUCT_BUNDLE_IDENTIFIER = madmax.firstGameUITests;
				PRODUCT_NAME = "$(TARGET_NAME)";
				TEST_TARGET_NAME = firstGame;
			};
			name = Debug;
		};
		7594586A1CAECEF900DADB26 /* Release */ = {
			isa = XCBuildConfiguration;
			buildSettings = {
				INFOPLIST_FILE = firstGameUITests/Info.plist;
				LD_RUNPATH_SEARCH_PATHS = "$(inherited) @executable_path/Frameworks @loader_path/Frameworks";
				PRODUCT_BUNDLE_IDENTIFIER = madmax.firstGameUITests;
				PRODUCT_NAME = "$(TARGET_NAME)";
				TEST_TARGET_NAME = firstGame;
			};
			name = Release;
		};
/* End XCBuildConfiguration section */

/* Begin XCConfigurationList section */
		759458311CAECEF900DADB26 /* Build configuration list for PBXProject "firstGame" */ = {
			isa = XCConfigurationList;
			buildConfigurations = (
				759458601CAECEF900DADB26 /* Debug */,
				759458611CAECEF900DADB26 /* Release */,
			);
			defaultConfigurationIsVisible = 0;
			defaultConfigurationName = Release;
		};
		759458621CAECEF900DADB26 /* Build configuration list for PBXNativeTarget "firstGame" */ = {
			isa = XCConfigurationList;
			buildConfigurations = (
				759458631CAECEF900DADB26 /* Debug */,
				759458641CAECEF900DADB26 /* Release */,
			);
			defaultConfigurationIsVisible = 0;
		};
		759458651CAECEF900DADB26 /* Build configuration list for PBXNativeTarget "firstGameTests" */ = {
			isa = XCConfigurationList;
			buildConfigurations = (
				759458661CAECEF900DADB26 /* Debug */,
				759458671CAECEF900DADB26 /* Release */,
			);
			defaultConfigurationIsVisible = 0;
		};
		759458681CAECEF900DADB26 /* Build configuration list for PBXNativeTarget "firstGameUITests" */ = {
			isa = XCConfigurationList;
			buildConfigurations = (
				759458691CAECEF900DADB26 /* Debug */,
				7594586A1CAECEF900DADB26 /* Release */,
			);
			defaultConfigurationIsVisible = 0;
		};
/* End XCConfigurationList section */
	};
	rootObject = 7594582E1CAECEF900DADB26 /* Project object */;
}
